// !$*UTF8*$!
{
	archiveVersion = 1;
	classes = {
	};
	objectVersion = 46;
	objects = {

/* Begin PBXBuildFile section */
		2900F5601B6A0D2A003E9A0A /* MxScorePart.cpp in Sources */ = {isa = PBXBuildFile; fileRef = 2900F55E1B6A0D2A003E9A0A /* MxScorePart.cpp */; };
		2907870F1B6843DE00B40FD9 /* Scale.cpp in Sources */ = {isa = PBXBuildFile; fileRef = 2907870D1B6843DE00B40FD9 /* Scale.cpp */; };
		290787151B68452400B40FD9 /* NoteName.cpp in Sources */ = {isa = PBXBuildFile; fileRef = 290787131B68452400B40FD9 /* NoteName.cpp */; };
		290A6BA11B6C8D5D00F2C4B0 /* MxNote.cpp in Sources */ = {isa = PBXBuildFile; fileRef = 290A6B9F1B6C8D5D00F2C4B0 /* MxNote.cpp */; };
		290A6BA41B6C8F0100F2C4B0 /* Note.cpp in Sources */ = {isa = PBXBuildFile; fileRef = 290A6BA21B6C8F0100F2C4B0 /* Note.cpp */; };
		292B3AEB1B67F04000E7277D /* main.cpp in Sources */ = {isa = PBXBuildFile; fileRef = 292B3AEA1B67F04000E7277D /* main.cpp */; };
		292FA5851B7183EC00B9E15B /* RhythmList.cpp in Sources */ = {isa = PBXBuildFile; fileRef = 292FA5831B7183EC00B9E15B /* RhythmList.cpp */; };
		29323FC81B6A8136007CE1AA /* Pitch.cpp in Sources */ = {isa = PBXBuildFile; fileRef = 29323FC61B6A8136007CE1AA /* Pitch.cpp */; };
		293669A61B68A06B0031AEFF /* MxSetup.cpp in Sources */ = {isa = PBXBuildFile; fileRef = 293669A41B68A06B0031AEFF /* MxSetup.cpp */; };
		293669A81B68A39E0031AEFF /* libMx.a in Frameworks */ = {isa = PBXBuildFile; fileRef = 293669A71B68A39E0031AEFF /* libMx.a */; };
		293D9E471B745AED00E67B17 /* Clef.cpp in Sources */ = {isa = PBXBuildFile; fileRef = 293D9E451B745AED00E67B17 /* Clef.cpp */; };
		293D9E4A1B74625B00E67B17 /* MxClef.cpp in Sources */ = {isa = PBXBuildFile; fileRef = 293D9E481B74625B00E67B17 /* MxClef.cpp */; };
		29433BEE1B6A07610000CDD7 /* MxPartGroup.cpp in Sources */ = {isa = PBXBuildFile; fileRef = 29433BEC1B6A07610000CDD7 /* MxPartGroup.cpp */; };
		2959A53E1B72016C0078C65C /* writeMxMeasures.cpp in Sources */ = {isa = PBXBuildFile; fileRef = 2959A53C1B72016C0078C65C /* writeMxMeasures.cpp */; };
		2959A5411B7202C00078C65C /* setTupletCountdown.cpp in Sources */ = {isa = PBXBuildFile; fileRef = 2959A53F1B7202C00078C65C /* setTupletCountdown.cpp */; };
		2959A5441B7205830078C65C /* isDurationOk.cpp in Sources */ = {isa = PBXBuildFile; fileRef = 2959A5421B7205830078C65C /* isDurationOk.cpp */; };
		2959A5471B7209710078C65C /* setDuration.cpp in Sources */ = {isa = PBXBuildFile; fileRef = 2959A5451B7209710078C65C /* setDuration.cpp */; };
		295B13E01B6817AE00FD8B83 /* Config.cpp in Sources */ = {isa = PBXBuildFile; fileRef = 295B13DE1B6817AE00FD8B83 /* Config.cpp */; };
		296AB7341B6AC650008D4AAD /* MxScorePartParameters.cpp in Sources */ = {isa = PBXBuildFile; fileRef = 296AB7321B6AC650008D4AAD /* MxScorePartParameters.cpp */; };
		296BF43E1B6F3627009C0E43 /* cpulFailure.cpp in Sources */ = {isa = PBXBuildFile; fileRef = 296BF4321B6F3627009C0E43 /* cpulFailure.cpp */; };
		296BF43F1B6F3627009C0E43 /* cpulRun.cpp in Sources */ = {isa = PBXBuildFile; fileRef = 296BF4341B6F3627009C0E43 /* cpulRun.cpp */; };
		296BF4401B6F3627009C0E43 /* cpulTest.cpp in Sources */ = {isa = PBXBuildFile; fileRef = 296BF4361B6F3627009C0E43 /* cpulTest.cpp */; };
		296BF4411B6F3627009C0E43 /* cpulTestRegistry.cpp in Sources */ = {isa = PBXBuildFile; fileRef = 296BF4391B6F3627009C0E43 /* cpulTestRegistry.cpp */; };
		296BF4421B6F3627009C0E43 /* cpulTestResult.cpp in Sources */ = {isa = PBXBuildFile; fileRef = 296BF43B1B6F3627009C0E43 /* cpulTestResult.cpp */; };
		296BF4431B6F3627009C0E43 /* TestMeasure.cpp in Sources */ = {isa = PBXBuildFile; fileRef = 296BF43D1B6F3627009C0E43 /* TestMeasure.cpp */; };
		298AD7301B6C372000DC97B6 /* MxDivisions.cpp in Sources */ = {isa = PBXBuildFile; fileRef = 298AD72E1B6C372000DC97B6 /* MxDivisions.cpp */; };
		298AD7331B6C6EE200DC97B6 /* Duration.cpp in Sources */ = {isa = PBXBuildFile; fileRef = 298AD7311B6C6EE200DC97B6 /* Duration.cpp */; };
		299A82081B682603002BB604 /* Numbers.cpp in Sources */ = {isa = PBXBuildFile; fileRef = 299A82061B682603002BB604 /* Numbers.cpp */; };
		299A820C1B682637002BB604 /* config.txt in CopyFiles */ = {isa = PBXBuildFile; fileRef = 299A82091B682625002BB604 /* config.txt */; };
		299A820D1B68263C002BB604 /* input.csv in CopyFiles */ = {isa = PBXBuildFile; fileRef = 299A820A1B682625002BB604 /* input.csv */; };
		299A820E1B68263E002BB604 /* scales.txt in CopyFiles */ = {isa = PBXBuildFile; fileRef = 299A820B1B682625002BB604 /* scales.txt */; };
		29A0306A1B6DE87800759329 /* Measure.cpp in Sources */ = {isa = PBXBuildFile; fileRef = 29A030681B6DE87800759329 /* Measure.cpp */; };
		29A0306D1B6DEACB00759329 /* TimeSignature.cpp in Sources */ = {isa = PBXBuildFile; fileRef = 29A0306B1B6DEACB00759329 /* TimeSignature.cpp */; };
		29A03C041B727D8F00726CFE /* initializePitch.cpp in Sources */ = {isa = PBXBuildFile; fileRef = 29A03C021B727D8F00726CFE /* initializePitch.cpp */; };
		29A03C071B72808500726CFE /* initializeNoteName.cpp in Sources */ = {isa = PBXBuildFile; fileRef = 29A03C051B72808500726CFE /* initializeNoteName.cpp */; };
		29A03C0A1B72813800726CFE /* initializeOctave.cpp in Sources */ = {isa = PBXBuildFile; fileRef = 29A03C081B72813800726CFE /* initializeOctave.cpp */; };
		29A03C0D1B72850E00726CFE /* setPitch.cpp in Sources */ = {isa = PBXBuildFile; fileRef = 29A03C0B1B72850E00726CFE /* setPitch.cpp */; };
		29A03C101B7295BD00726CFE /* rest.cpp in Sources */ = {isa = PBXBuildFile; fileRef = 29A03C0E1B7295BD00726CFE /* rest.cpp */; };
		29A2BDC41B69A7D9007ED94E /* Instrument.cpp in Sources */ = {isa = PBXBuildFile; fileRef = 29A2BDC21B69A7D9007ED94E /* Instrument.cpp */; };
		29A31D761B71DDFD00768C77 /* TestRange.cpp in Sources */ = {isa = PBXBuildFile; fileRef = 29A31D741B71DDFD00768C77 /* TestRange.cpp */; };
		29A31D791B71E0CB00768C77 /* TestPitch.cpp in Sources */ = {isa = PBXBuildFile; fileRef = 29A31D771B71E0CB00768C77 /* TestPitch.cpp */; };
		29AD1C251B685B0A005DBD2F /* Scales.cpp in Sources */ = {isa = PBXBuildFile; fileRef = 29AD1C231B685B0A005DBD2F /* Scales.cpp */; };
		29BB6ECB1B7083D2007F066A /* Quantizer.cpp in Sources */ = {isa = PBXBuildFile; fileRef = 29BB6EC91B7083D2007F066A /* Quantizer.cpp */; };
		29BB6ECE1B708676007F066A /* TestQuantizer.cpp in Sources */ = {isa = PBXBuildFile; fileRef = 29BB6ECC1B708676007F066A /* TestQuantizer.cpp */; };
		29C35D631B6D21D200B5D300 /* MxMeasure.cpp in Sources */ = {isa = PBXBuildFile; fileRef = 29C35D611B6D21D200B5D300 /* MxMeasure.cpp */; };
		29C3872F1B7123A80024476F /* Rand.cpp in Sources */ = {isa = PBXBuildFile; fileRef = 29C3872D1B7123A80024476F /* Rand.cpp */; };
		29DD66D61B6AE0910016BA39 /* Range.cpp in Sources */ = {isa = PBXBuildFile; fileRef = 29DD66D41B6AE0910016BA39 /* Range.cpp */; };
		29DD66D91B6AE73C0016BA39 /* InstrumentGroup.cpp in Sources */ = {isa = PBXBuildFile; fileRef = 29DD66D71B6AE73C0016BA39 /* InstrumentGroup.cpp */; };
		29DD66DC1B6AEA330016BA39 /* InstrumentList.cpp in Sources */ = {isa = PBXBuildFile; fileRef = 29DD66DA1B6AEA330016BA39 /* InstrumentList.cpp */; };
		29FACA281B6FC40800387D1F /* mainSandbox.cpp in Sources */ = {isa = PBXBuildFile; fileRef = 29FACA261B6FC40800387D1F /* mainSandbox.cpp */; };
/* End PBXBuildFile section */

/* Begin PBXCopyFilesBuildPhase section */
		292B3AE51B67F04000E7277D /* CopyFiles */ = {
			isa = PBXCopyFilesBuildPhase;
			buildActionMask = 12;
			dstPath = "";
			dstSubfolderSpec = 16;
			files = (
				299A820C1B682637002BB604 /* config.txt in CopyFiles */,
				299A820D1B68263C002BB604 /* input.csv in CopyFiles */,
				299A820E1B68263E002BB604 /* scales.txt in CopyFiles */,
			);
			runOnlyForDeploymentPostprocessing = 0;
		};
/* End PBXCopyFilesBuildPhase section */

/* Begin PBXFileReference section */
		2900F55E1B6A0D2A003E9A0A /* MxScorePart.cpp */ = {isa = PBXFileReference; fileEncoding = 4; lastKnownFileType = sourcecode.cpp.cpp; path = MxScorePart.cpp; sourceTree = "<group>"; };
		2900F55F1B6A0D2A003E9A0A /* MxScorePart.h */ = {isa = PBXFileReference; fileEncoding = 4; lastKnownFileType = sourcecode.c.h; path = MxScorePart.h; sourceTree = "<group>"; };
		290787061B68384500B40FD9 /* parse.h */ = {isa = PBXFileReference; lastKnownFileType = sourcecode.c.h; path = parse.h; sourceTree = "<group>"; };
		2907870D1B6843DE00B40FD9 /* Scale.cpp */ = {isa = PBXFileReference; fileEncoding = 4; lastKnownFileType = sourcecode.cpp.cpp; path = Scale.cpp; sourceTree = "<group>"; };
		2907870E1B6843DE00B40FD9 /* Scale.h */ = {isa = PBXFileReference; fileEncoding = 4; lastKnownFileType = sourcecode.c.h; path = Scale.h; sourceTree = "<group>"; };
		290787101B68447E00B40FD9 /* Mx */ = {isa = PBXFileReference; lastKnownFileType = folder; name = Mx; path = Entropy/Mx; sourceTree = "<group>"; };
		290787131B68452400B40FD9 /* NoteName.cpp */ = {isa = PBXFileReference; fileEncoding = 4; lastKnownFileType = sourcecode.cpp.cpp; path = NoteName.cpp; sourceTree = "<group>"; };
		290787141B68452400B40FD9 /* NoteName.h */ = {isa = PBXFileReference; fileEncoding = 4; lastKnownFileType = sourcecode.c.h; path = NoteName.h; sourceTree = "<group>"; };
		290A6B9F1B6C8D5D00F2C4B0 /* MxNote.cpp */ = {isa = PBXFileReference; fileEncoding = 4; lastKnownFileType = sourcecode.cpp.cpp; path = MxNote.cpp; sourceTree = "<group>"; };
		290A6BA01B6C8D5D00F2C4B0 /* MxNote.h */ = {isa = PBXFileReference; fileEncoding = 4; lastKnownFileType = sourcecode.c.h; path = MxNote.h; sourceTree = "<group>"; };
		290A6BA21B6C8F0100F2C4B0 /* Note.cpp */ = {isa = PBXFileReference; fileEncoding = 4; lastKnownFileType = sourcecode.cpp.cpp; path = Note.cpp; sourceTree = "<group>"; };
		290A6BA31B6C8F0100F2C4B0 /* Note.h */ = {isa = PBXFileReference; fileEncoding = 4; lastKnownFileType = sourcecode.c.h; path = Note.h; sourceTree = "<group>"; };
		292B3AE71B67F04000E7277D /* Entropy */ = {isa = PBXFileReference; explicitFileType = "compiled.mach-o.executable"; includeInIndex = 0; path = Entropy; sourceTree = BUILT_PRODUCTS_DIR; };
		292B3AEA1B67F04000E7277D /* main.cpp */ = {isa = PBXFileReference; lastKnownFileType = sourcecode.cpp.cpp; name = main.cpp; path = Entropy/main.cpp; sourceTree = "<group>"; };
		292FA5831B7183EC00B9E15B /* RhythmList.cpp */ = {isa = PBXFileReference; fileEncoding = 4; lastKnownFileType = sourcecode.cpp.cpp; path = RhythmList.cpp; sourceTree = "<group>"; };
		292FA5841B7183EC00B9E15B /* RhythmList.h */ = {isa = PBXFileReference; fileEncoding = 4; lastKnownFileType = sourcecode.c.h; path = RhythmList.h; sourceTree = "<group>"; };
		292FA5861B718A4B00B9E15B /* equanta.h */ = {isa = PBXFileReference; lastKnownFileType = sourcecode.c.h; path = equanta.h; sourceTree = "<group>"; };
		292FA5871B71974100B9E15B /* goUp.h */ = {isa = PBXFileReference; lastKnownFileType = sourcecode.c.h; path = goUp.h; sourceTree = "<group>"; };
		292FA5881B7199CE00B9E15B /* skipSize.h */ = {isa = PBXFileReference; lastKnownFileType = sourcecode.c.h; path = skipSize.h; sourceTree = "<group>"; };
		29323FC61B6A8136007CE1AA /* Pitch.cpp */ = {isa = PBXFileReference; fileEncoding = 4; lastKnownFileType = sourcecode.cpp.cpp; path = Pitch.cpp; sourceTree = "<group>"; };
		29323FC71B6A8136007CE1AA /* Pitch.h */ = {isa = PBXFileReference; fileEncoding = 4; lastKnownFileType = sourcecode.c.h; path = Pitch.h; sourceTree = "<group>"; };
		293669A41B68A06B0031AEFF /* MxSetup.cpp */ = {isa = PBXFileReference; fileEncoding = 4; lastKnownFileType = sourcecode.cpp.cpp; path = MxSetup.cpp; sourceTree = "<group>"; };
		293669A51B68A06B0031AEFF /* MxSetup.h */ = {isa = PBXFileReference; fileEncoding = 4; lastKnownFileType = sourcecode.c.h; path = MxSetup.h; sourceTree = "<group>"; };
		293669A71B68A39E0031AEFF /* libMx.a */ = {isa = PBXFileReference; lastKnownFileType = archive.ar; name = libMx.a; path = Entropy/Mx/libMx.a; sourceTree = "<group>"; };
		293D9E451B745AED00E67B17 /* Clef.cpp */ = {isa = PBXFileReference; fileEncoding = 4; lastKnownFileType = sourcecode.cpp.cpp; path = Clef.cpp; sourceTree = "<group>"; };
		293D9E461B745AED00E67B17 /* Clef.h */ = {isa = PBXFileReference; fileEncoding = 4; lastKnownFileType = sourcecode.c.h; path = Clef.h; sourceTree = "<group>"; };
		293D9E481B74625B00E67B17 /* MxClef.cpp */ = {isa = PBXFileReference; fileEncoding = 4; lastKnownFileType = sourcecode.cpp.cpp; path = MxClef.cpp; sourceTree = "<group>"; };
		293D9E491B74625B00E67B17 /* MxClef.h */ = {isa = PBXFileReference; fileEncoding = 4; lastKnownFileType = sourcecode.c.h; path = MxClef.h; sourceTree = "<group>"; };
		293D9E4B1B74650F00E67B17 /* ci_find_substr.h */ = {isa = PBXFileReference; lastKnownFileType = sourcecode.c.h; path = ci_find_substr.h; sourceTree = "<group>"; };
		29433BEC1B6A07610000CDD7 /* MxPartGroup.cpp */ = {isa = PBXFileReference; fileEncoding = 4; lastKnownFileType = sourcecode.cpp.cpp; path = MxPartGroup.cpp; sourceTree = "<group>"; };
		29433BED1B6A07610000CDD7 /* MxPartGroup.h */ = {isa = PBXFileReference; fileEncoding = 4; lastKnownFileType = sourcecode.c.h; path = MxPartGroup.h; sourceTree = "<group>"; };
		2959A53C1B72016C0078C65C /* writeMxMeasures.cpp */ = {isa = PBXFileReference; fileEncoding = 4; lastKnownFileType = sourcecode.cpp.cpp; path = writeMxMeasures.cpp; sourceTree = "<group>"; };
		2959A53D1B72016C0078C65C /* writeMxMeasures.h */ = {isa = PBXFileReference; fileEncoding = 4; lastKnownFileType = sourcecode.c.h; path = writeMxMeasures.h; sourceTree = "<group>"; };
		2959A53F1B7202C00078C65C /* setTupletCountdown.cpp */ = {isa = PBXFileReference; fileEncoding = 4; lastKnownFileType = sourcecode.cpp.cpp; path = setTupletCountdown.cpp; sourceTree = "<group>"; };
		2959A5401B7202C00078C65C /* setTupletCountdown.h */ = {isa = PBXFileReference; fileEncoding = 4; lastKnownFileType = sourcecode.c.h; path = setTupletCountdown.h; sourceTree = "<group>"; };
		2959A5421B7205830078C65C /* isDurationOk.cpp */ = {isa = PBXFileReference; fileEncoding = 4; lastKnownFileType = sourcecode.cpp.cpp; path = isDurationOk.cpp; sourceTree = "<group>"; };
		2959A5431B7205830078C65C /* isDurationOk.h */ = {isa = PBXFileReference; fileEncoding = 4; lastKnownFileType = sourcecode.c.h; path = isDurationOk.h; sourceTree = "<group>"; };
		2959A5451B7209710078C65C /* setDuration.cpp */ = {isa = PBXFileReference; fileEncoding = 4; lastKnownFileType = sourcecode.cpp.cpp; path = setDuration.cpp; sourceTree = "<group>"; };
		2959A5461B7209710078C65C /* setDuration.h */ = {isa = PBXFileReference; fileEncoding = 4; lastKnownFileType = sourcecode.c.h; path = setDuration.h; sourceTree = "<group>"; };
		295B13DB1B67F8B600FD8B83 /* defaults.h */ = {isa = PBXFileReference; fileEncoding = 4; lastKnownFileType = sourcecode.c.h; path = defaults.h; sourceTree = "<group>"; };
		295B13DD1B68050700FD8B83 /* args.h */ = {isa = PBXFileReference; lastKnownFileType = sourcecode.c.h; path = args.h; sourceTree = "<group>"; };
		295B13DE1B6817AE00FD8B83 /* Config.cpp */ = {isa = PBXFileReference; fileEncoding = 4; lastKnownFileType = sourcecode.cpp.cpp; path = Config.cpp; sourceTree = "<group>"; };
		295B13DF1B6817AE00FD8B83 /* Config.h */ = {isa = PBXFileReference; fileEncoding = 4; lastKnownFileType = sourcecode.c.h; path = Config.h; sourceTree = "<group>"; };
		295B13E51B6818FB00FD8B83 /* typedefs.h */ = {isa = PBXFileReference; lastKnownFileType = sourcecode.c.h; path = typedefs.h; sourceTree = "<group>"; };
		296AB7321B6AC650008D4AAD /* MxScorePartParameters.cpp */ = {isa = PBXFileReference; fileEncoding = 4; lastKnownFileType = sourcecode.cpp.cpp; path = MxScorePartParameters.cpp; sourceTree = "<group>"; };
		296AB7331B6AC650008D4AAD /* MxScorePartParameters.h */ = {isa = PBXFileReference; fileEncoding = 4; lastKnownFileType = sourcecode.c.h; path = MxScorePartParameters.h; sourceTree = "<group>"; };
		296BF4321B6F3627009C0E43 /* cpulFailure.cpp */ = {isa = PBXFileReference; fileEncoding = 4; lastKnownFileType = sourcecode.cpp.cpp; name = cpulFailure.cpp; path = Entropy/Test/cpulFailure.cpp; sourceTree = "<group>"; };
		296BF4331B6F3627009C0E43 /* cpulFailure.h */ = {isa = PBXFileReference; fileEncoding = 4; lastKnownFileType = sourcecode.c.h; name = cpulFailure.h; path = Entropy/Test/cpulFailure.h; sourceTree = "<group>"; };
		296BF4341B6F3627009C0E43 /* cpulRun.cpp */ = {isa = PBXFileReference; fileEncoding = 4; lastKnownFileType = sourcecode.cpp.cpp; name = cpulRun.cpp; path = Entropy/Test/cpulRun.cpp; sourceTree = "<group>"; };
		296BF4351B6F3627009C0E43 /* cpulRun.h */ = {isa = PBXFileReference; fileEncoding = 4; lastKnownFileType = sourcecode.c.h; name = cpulRun.h; path = Entropy/Test/cpulRun.h; sourceTree = "<group>"; };
		296BF4361B6F3627009C0E43 /* cpulTest.cpp */ = {isa = PBXFileReference; fileEncoding = 4; lastKnownFileType = sourcecode.cpp.cpp; name = cpulTest.cpp; path = Entropy/Test/cpulTest.cpp; sourceTree = "<group>"; };
		296BF4371B6F3627009C0E43 /* cpulTest.h */ = {isa = PBXFileReference; fileEncoding = 4; lastKnownFileType = sourcecode.c.h; name = cpulTest.h; path = Entropy/Test/cpulTest.h; sourceTree = "<group>"; };
		296BF4381B6F3627009C0E43 /* cpulTestHarness.h */ = {isa = PBXFileReference; fileEncoding = 4; lastKnownFileType = sourcecode.c.h; name = cpulTestHarness.h; path = Entropy/Test/cpulTestHarness.h; sourceTree = "<group>"; };
		296BF4391B6F3627009C0E43 /* cpulTestRegistry.cpp */ = {isa = PBXFileReference; fileEncoding = 4; lastKnownFileType = sourcecode.cpp.cpp; name = cpulTestRegistry.cpp; path = Entropy/Test/cpulTestRegistry.cpp; sourceTree = "<group>"; };
		296BF43A1B6F3627009C0E43 /* cpulTestRegistry.h */ = {isa = PBXFileReference; fileEncoding = 4; lastKnownFileType = sourcecode.c.h; name = cpulTestRegistry.h; path = Entropy/Test/cpulTestRegistry.h; sourceTree = "<group>"; };
		296BF43B1B6F3627009C0E43 /* cpulTestResult.cpp */ = {isa = PBXFileReference; fileEncoding = 4; lastKnownFileType = sourcecode.cpp.cpp; name = cpulTestResult.cpp; path = Entropy/Test/cpulTestResult.cpp; sourceTree = "<group>"; };
		296BF43C1B6F3627009C0E43 /* cpulTestResult.h */ = {isa = PBXFileReference; fileEncoding = 4; lastKnownFileType = sourcecode.c.h; name = cpulTestResult.h; path = Entropy/Test/cpulTestResult.h; sourceTree = "<group>"; };
		296BF43D1B6F3627009C0E43 /* TestMeasure.cpp */ = {isa = PBXFileReference; fileEncoding = 4; lastKnownFileType = sourcecode.cpp.cpp; name = TestMeasure.cpp; path = Entropy/Test/TestMeasure.cpp; sourceTree = "<group>"; };
		298AD72E1B6C372000DC97B6 /* MxDivisions.cpp */ = {isa = PBXFileReference; fileEncoding = 4; lastKnownFileType = sourcecode.cpp.cpp; path = MxDivisions.cpp; sourceTree = "<group>"; };
		298AD72F1B6C372000DC97B6 /* MxDivisions.h */ = {isa = PBXFileReference; fileEncoding = 4; lastKnownFileType = sourcecode.c.h; path = MxDivisions.h; sourceTree = "<group>"; };
		298AD7311B6C6EE200DC97B6 /* Duration.cpp */ = {isa = PBXFileReference; fileEncoding = 4; lastKnownFileType = sourcecode.cpp.cpp; path = Duration.cpp; sourceTree = "<group>"; };
		298AD7321B6C6EE200DC97B6 /* Duration.h */ = {isa = PBXFileReference; fileEncoding = 4; lastKnownFileType = sourcecode.c.h; path = Duration.h; sourceTree = "<group>"; };
		299A82061B682603002BB604 /* Numbers.cpp */ = {isa = PBXFileReference; fileEncoding = 4; lastKnownFileType = sourcecode.cpp.cpp; path = Numbers.cpp; sourceTree = "<group>"; };
		299A82071B682603002BB604 /* Numbers.h */ = {isa = PBXFileReference; fileEncoding = 4; lastKnownFileType = sourcecode.c.h; path = Numbers.h; sourceTree = "<group>"; };
		299A82091B682625002BB604 /* config.txt */ = {isa = PBXFileReference; lastKnownFileType = text; name = config.txt; path = ../Input/config.txt; sourceTree = "<group>"; };
		299A820A1B682625002BB604 /* input.csv */ = {isa = PBXFileReference; lastKnownFileType = text; name = input.csv; path = ../Input/input.csv; sourceTree = "<group>"; };
		299A820B1B682625002BB604 /* scales.txt */ = {isa = PBXFileReference; lastKnownFileType = text; name = scales.txt; path = ../Input/scales.txt; sourceTree = "<group>"; };
		29A030681B6DE87800759329 /* Measure.cpp */ = {isa = PBXFileReference; fileEncoding = 4; lastKnownFileType = sourcecode.cpp.cpp; path = Measure.cpp; sourceTree = "<group>"; };
		29A030691B6DE87800759329 /* Measure.h */ = {isa = PBXFileReference; fileEncoding = 4; lastKnownFileType = sourcecode.c.h; path = Measure.h; sourceTree = "<group>"; };
		29A0306B1B6DEACB00759329 /* TimeSignature.cpp */ = {isa = PBXFileReference; fileEncoding = 4; lastKnownFileType = sourcecode.cpp.cpp; path = TimeSignature.cpp; sourceTree = "<group>"; };
		29A0306C1B6DEACB00759329 /* TimeSignature.h */ = {isa = PBXFileReference; fileEncoding = 4; lastKnownFileType = sourcecode.c.h; path = TimeSignature.h; sourceTree = "<group>"; };
		29A0306E1B6DEF0900759329 /* Divisions.h */ = {isa = PBXFileReference; lastKnownFileType = sourcecode.c.h; path = Divisions.h; sourceTree = "<group>"; };
		29A03C021B727D8F00726CFE /* initializePitch.cpp */ = {isa = PBXFileReference; fileEncoding = 4; lastKnownFileType = sourcecode.cpp.cpp; path = initializePitch.cpp; sourceTree = "<group>"; };
		29A03C031B727D8F00726CFE /* initializePitch.h */ = {isa = PBXFileReference; fileEncoding = 4; lastKnownFileType = sourcecode.c.h; path = initializePitch.h; sourceTree = "<group>"; };
		29A03C051B72808500726CFE /* initializeNoteName.cpp */ = {isa = PBXFileReference; fileEncoding = 4; lastKnownFileType = sourcecode.cpp.cpp; path = initializeNoteName.cpp; sourceTree = "<group>"; };
		29A03C061B72808500726CFE /* initializeNoteName.h */ = {isa = PBXFileReference; fileEncoding = 4; lastKnownFileType = sourcecode.c.h; path = initializeNoteName.h; sourceTree = "<group>"; };
		29A03C081B72813800726CFE /* initializeOctave.cpp */ = {isa = PBXFileReference; fileEncoding = 4; lastKnownFileType = sourcecode.cpp.cpp; path = initializeOctave.cpp; sourceTree = "<group>"; };
		29A03C091B72813800726CFE /* initializeOctave.h */ = {isa = PBXFileReference; fileEncoding = 4; lastKnownFileType = sourcecode.c.h; path = initializeOctave.h; sourceTree = "<group>"; };
		29A03C0B1B72850E00726CFE /* setPitch.cpp */ = {isa = PBXFileReference; fileEncoding = 4; lastKnownFileType = sourcecode.cpp.cpp; path = setPitch.cpp; sourceTree = "<group>"; };
		29A03C0C1B72850E00726CFE /* setPitch.h */ = {isa = PBXFileReference; fileEncoding = 4; lastKnownFileType = sourcecode.c.h; path = setPitch.h; sourceTree = "<group>"; };
		29A03C0E1B7295BD00726CFE /* rest.cpp */ = {isa = PBXFileReference; fileEncoding = 4; lastKnownFileType = sourcecode.cpp.cpp; path = rest.cpp; sourceTree = "<group>"; };
		29A03C0F1B7295BD00726CFE /* rest.h */ = {isa = PBXFileReference; fileEncoding = 4; lastKnownFileType = sourcecode.c.h; path = rest.h; sourceTree = "<group>"; };
		29A2BDC11B69A6AB007ED94E /* Other */ = {isa = PBXFileReference; lastKnownFileType = folder; name = Other; path = ../Other; sourceTree = "<group>"; };
		29A2BDC21B69A7D9007ED94E /* Instrument.cpp */ = {isa = PBXFileReference; fileEncoding = 4; lastKnownFileType = sourcecode.cpp.cpp; path = Instrument.cpp; sourceTree = "<group>"; };
		29A2BDC31B69A7D9007ED94E /* Instrument.h */ = {isa = PBXFileReference; fileEncoding = 4; lastKnownFileType = sourcecode.c.h; path = Instrument.h; sourceTree = "<group>"; };
		29A31D741B71DDFD00768C77 /* TestRange.cpp */ = {isa = PBXFileReference; fileEncoding = 4; lastKnownFileType = sourcecode.cpp.cpp; path = TestRange.cpp; sourceTree = "<group>"; };
		29A31D771B71E0CB00768C77 /* TestPitch.cpp */ = {isa = PBXFileReference; fileEncoding = 4; lastKnownFileType = sourcecode.cpp.cpp; path = TestPitch.cpp; sourceTree = "<group>"; };
		29AD1C231B685B0A005DBD2F /* Scales.cpp */ = {isa = PBXFileReference; fileEncoding = 4; lastKnownFileType = sourcecode.cpp.cpp; path = Scales.cpp; sourceTree = "<group>"; };
		29AD1C241B685B0A005DBD2F /* Scales.h */ = {isa = PBXFileReference; fileEncoding = 4; lastKnownFileType = sourcecode.c.h; path = Scales.h; sourceTree = "<group>"; };
		29BB6EC91B7083D2007F066A /* Quantizer.cpp */ = {isa = PBXFileReference; fileEncoding = 4; lastKnownFileType = sourcecode.cpp.cpp; path = Quantizer.cpp; sourceTree = "<group>"; };
		29BB6ECA1B7083D2007F066A /* Quantizer.h */ = {isa = PBXFileReference; fileEncoding = 4; lastKnownFileType = sourcecode.c.h; path = Quantizer.h; sourceTree = "<group>"; };
		29BB6ECC1B708676007F066A /* TestQuantizer.cpp */ = {isa = PBXFileReference; fileEncoding = 4; lastKnownFileType = sourcecode.cpp.cpp; path = TestQuantizer.cpp; sourceTree = "<group>"; };
		29C35D611B6D21D200B5D300 /* MxMeasure.cpp */ = {isa = PBXFileReference; fileEncoding = 4; lastKnownFileType = sourcecode.cpp.cpp; path = MxMeasure.cpp; sourceTree = "<group>"; };
		29C35D621B6D21D200B5D300 /* MxMeasure.h */ = {isa = PBXFileReference; fileEncoding = 4; lastKnownFileType = sourcecode.c.h; path = MxMeasure.h; sourceTree = "<group>"; };
		29C3872D1B7123A80024476F /* Rand.cpp */ = {isa = PBXFileReference; fileEncoding = 4; lastKnownFileType = sourcecode.cpp.cpp; path = Rand.cpp; sourceTree = "<group>"; };
		29C3872E1B7123A80024476F /* Rand.h */ = {isa = PBXFileReference; fileEncoding = 4; lastKnownFileType = sourcecode.c.h; path = Rand.h; sourceTree = "<group>"; };
		29DD66D41B6AE0910016BA39 /* Range.cpp */ = {isa = PBXFileReference; fileEncoding = 4; lastKnownFileType = sourcecode.cpp.cpp; path = Range.cpp; sourceTree = "<group>"; };
		29DD66D51B6AE0910016BA39 /* Range.h */ = {isa = PBXFileReference; fileEncoding = 4; lastKnownFileType = sourcecode.c.h; path = Range.h; sourceTree = "<group>"; };
		29DD66D71B6AE73C0016BA39 /* InstrumentGroup.cpp */ = {isa = PBXFileReference; fileEncoding = 4; lastKnownFileType = sourcecode.cpp.cpp; path = InstrumentGroup.cpp; sourceTree = "<group>"; };
		29DD66D81B6AE73C0016BA39 /* InstrumentGroup.h */ = {isa = PBXFileReference; fileEncoding = 4; lastKnownFileType = sourcecode.c.h; path = InstrumentGroup.h; sourceTree = "<group>"; };
		29DD66DA1B6AEA330016BA39 /* InstrumentList.cpp */ = {isa = PBXFileReference; fileEncoding = 4; lastKnownFileType = sourcecode.cpp.cpp; path = InstrumentList.cpp; sourceTree = "<group>"; };
		29DD66DB1B6AEA330016BA39 /* InstrumentList.h */ = {isa = PBXFileReference; fileEncoding = 4; lastKnownFileType = sourcecode.c.h; path = InstrumentList.h; sourceTree = "<group>"; };
		29FACA261B6FC40800387D1F /* mainSandbox.cpp */ = {isa = PBXFileReference; fileEncoding = 4; lastKnownFileType = sourcecode.cpp.cpp; name = mainSandbox.cpp; path = Entropy/mainSandbox.cpp; sourceTree = "<group>"; };
		29FACA271B6FC40800387D1F /* mainSandbox.h */ = {isa = PBXFileReference; fileEncoding = 4; lastKnownFileType = sourcecode.c.h; name = mainSandbox.h; path = Entropy/mainSandbox.h; sourceTree = "<group>"; };
/* End PBXFileReference section */

/* Begin PBXFrameworksBuildPhase section */
		292B3AE41B67F04000E7277D /* Frameworks */ = {
			isa = PBXFrameworksBuildPhase;
			buildActionMask = 2147483647;
			files = (
				293669A81B68A39E0031AEFF /* libMx.a in Frameworks */,
			);
			runOnlyForDeploymentPostprocessing = 0;
		};
/* End PBXFrameworksBuildPhase section */

/* Begin PBXGroup section */
		292B3ADE1B67F04000E7277D = {
			isa = PBXGroup;
			children = (
				292B3AE91B67F04000E7277D /* Entropy */,
				299A82051B6825CB002BB604 /* Input Files */,
				293669A71B68A39E0031AEFF /* libMx.a */,
				292B3AEA1B67F04000E7277D /* main.cpp */,
				29FACA261B6FC40800387D1F /* mainSandbox.cpp */,
				29FACA271B6FC40800387D1F /* mainSandbox.h */,
				290787101B68447E00B40FD9 /* Mx */,
				29A2BDC11B69A6AB007ED94E /* Other */,
				292B3AE81B67F04000E7277D /* Products */,
				296BF4311B6F360C009C0E43 /* Test */,
			);
			sourceTree = "<group>";
		};
		292B3AE81B67F04000E7277D /* Products */ = {
			isa = PBXGroup;
			children = (
				292B3AE71B67F04000E7277D /* Entropy */,
			);
			name = Products;
			sourceTree = "<group>";
		};
		292B3AE91B67F04000E7277D /* Entropy */ = {
			isa = PBXGroup;
			children = (
				29A030671B6DE79700759329 /* General */,
				29A030661B6DE73600759329 /* Music Model */,
				29A030651B6DE6DB00759329 /* Mx Manip */,
				29A030641B6DE6C200759329 /* App Logic */,
			);
			path = Entropy;
			sourceTree = "<group>";
		};
		296BF4311B6F360C009C0E43 /* Test */ = {
			isa = PBXGroup;
			children = (
				296BF4321B6F3627009C0E43 /* cpulFailure.cpp */,
				296BF4331B6F3627009C0E43 /* cpulFailure.h */,
				296BF4341B6F3627009C0E43 /* cpulRun.cpp */,
				296BF4351B6F3627009C0E43 /* cpulRun.h */,
				296BF4361B6F3627009C0E43 /* cpulTest.cpp */,
				296BF4371B6F3627009C0E43 /* cpulTest.h */,
				296BF4381B6F3627009C0E43 /* cpulTestHarness.h */,
				296BF4391B6F3627009C0E43 /* cpulTestRegistry.cpp */,
				296BF43A1B6F3627009C0E43 /* cpulTestRegistry.h */,
				296BF43B1B6F3627009C0E43 /* cpulTestResult.cpp */,
				296BF43C1B6F3627009C0E43 /* cpulTestResult.h */,
				296BF43D1B6F3627009C0E43 /* TestMeasure.cpp */,
				29BB6ECC1B708676007F066A /* TestQuantizer.cpp */,
				29A31D741B71DDFD00768C77 /* TestRange.cpp */,
				29A31D771B71E0CB00768C77 /* TestPitch.cpp */,
			);
			name = Test;
			sourceTree = "<group>";
		};
		299A82051B6825CB002BB604 /* Input Files */ = {
			isa = PBXGroup;
			children = (
				299A82091B682625002BB604 /* config.txt */,
				299A820A1B682625002BB604 /* input.csv */,
				299A820B1B682625002BB604 /* scales.txt */,
			);
			name = "Input Files";
			sourceTree = "<group>";
		};
		29A030641B6DE6C200759329 /* App Logic */ = {
			isa = PBXGroup;
			children = (
				295B13DD1B68050700FD8B83 /* args.h */,
				295B13DE1B6817AE00FD8B83 /* Config.cpp */,
				295B13DF1B6817AE00FD8B83 /* Config.h */,
				295B13DB1B67F8B600FD8B83 /* defaults.h */,
				292FA5861B718A4B00B9E15B /* equanta.h */,
				292FA5871B71974100B9E15B /* goUp.h */,
				29A03C051B72808500726CFE /* initializeNoteName.cpp */,
				29A03C061B72808500726CFE /* initializeNoteName.h */,
				29A03C081B72813800726CFE /* initializeOctave.cpp */,
				29A03C091B72813800726CFE /* initializeOctave.h */,
				29A03C021B727D8F00726CFE /* initializePitch.cpp */,
				29A03C031B727D8F00726CFE /* initializePitch.h */,
				2959A5421B7205830078C65C /* isDurationOk.cpp */,
				2959A5431B7205830078C65C /* isDurationOk.h */,
				299A82061B682603002BB604 /* Numbers.cpp */,
				299A82071B682603002BB604 /* Numbers.h */,
				290787061B68384500B40FD9 /* parse.h */,
				29BB6EC91B7083D2007F066A /* Quantizer.cpp */,
				29BB6ECA1B7083D2007F066A /* Quantizer.h */,
				29C3872D1B7123A80024476F /* Rand.cpp */,
				29C3872E1B7123A80024476F /* Rand.h */,
				29A03C0E1B7295BD00726CFE /* rest.cpp */,
				29A03C0F1B7295BD00726CFE /* rest.h */,
				292FA5831B7183EC00B9E15B /* RhythmList.cpp */,
				292FA5841B7183EC00B9E15B /* RhythmList.h */,
				2959A5451B7209710078C65C /* setDuration.cpp */,
				2959A5461B7209710078C65C /* setDuration.h */,
				29A03C0B1B72850E00726CFE /* setPitch.cpp */,
				29A03C0C1B72850E00726CFE /* setPitch.h */,
				2959A53F1B7202C00078C65C /* setTupletCountdown.cpp */,
				2959A5401B7202C00078C65C /* setTupletCountdown.h */,
				292FA5881B7199CE00B9E15B /* skipSize.h */,
				2959A53C1B72016C0078C65C /* writeMxMeasures.cpp */,
				2959A53D1B72016C0078C65C /* writeMxMeasures.h */,
			);
			name = "App Logic";
			sourceTree = "<group>";
		};
		29A030651B6DE6DB00759329 /* Mx Manip */ = {
			isa = PBXGroup;
			children = (
				298AD72E1B6C372000DC97B6 /* MxDivisions.cpp */,
				298AD72F1B6C372000DC97B6 /* MxDivisions.h */,
				29C35D611B6D21D200B5D300 /* MxMeasure.cpp */,
				29C35D621B6D21D200B5D300 /* MxMeasure.h */,
				290A6B9F1B6C8D5D00F2C4B0 /* MxNote.cpp */,
				290A6BA01B6C8D5D00F2C4B0 /* MxNote.h */,
				29433BEC1B6A07610000CDD7 /* MxPartGroup.cpp */,
				29433BED1B6A07610000CDD7 /* MxPartGroup.h */,
				2900F55E1B6A0D2A003E9A0A /* MxScorePart.cpp */,
				2900F55F1B6A0D2A003E9A0A /* MxScorePart.h */,
				296AB7321B6AC650008D4AAD /* MxScorePartParameters.cpp */,
				296AB7331B6AC650008D4AAD /* MxScorePartParameters.h */,
				293669A41B68A06B0031AEFF /* MxSetup.cpp */,
				293669A51B68A06B0031AEFF /* MxSetup.h */,
				293D9E481B74625B00E67B17 /* MxClef.cpp */,
				293D9E491B74625B00E67B17 /* MxClef.h */,
			);
			name = "Mx Manip";
			sourceTree = "<group>";
		};
		29A030661B6DE73600759329 /* Music Model */ = {
			isa = PBXGroup;
			children = (
				29A0306E1B6DEF0900759329 /* Divisions.h */,
				298AD7311B6C6EE200DC97B6 /* Duration.cpp */,
				298AD7321B6C6EE200DC97B6 /* Duration.h */,
				29A2BDC21B69A7D9007ED94E /* Instrument.cpp */,
				29A2BDC31B69A7D9007ED94E /* Instrument.h */,
				29DD66D71B6AE73C0016BA39 /* InstrumentGroup.cpp */,
				29DD66D81B6AE73C0016BA39 /* InstrumentGroup.h */,
				29DD66DA1B6AEA330016BA39 /* InstrumentList.cpp */,
				29DD66DB1B6AEA330016BA39 /* InstrumentList.h */,
				29A030681B6DE87800759329 /* Measure.cpp */,
				29A030691B6DE87800759329 /* Measure.h */,
				290A6BA21B6C8F0100F2C4B0 /* Note.cpp */,
				290A6BA31B6C8F0100F2C4B0 /* Note.h */,
				290787131B68452400B40FD9 /* NoteName.cpp */,
				290787141B68452400B40FD9 /* NoteName.h */,
				29323FC61B6A8136007CE1AA /* Pitch.cpp */,
				29323FC71B6A8136007CE1AA /* Pitch.h */,
				29DD66D41B6AE0910016BA39 /* Range.cpp */,
				29DD66D51B6AE0910016BA39 /* Range.h */,
				2907870D1B6843DE00B40FD9 /* Scale.cpp */,
				2907870E1B6843DE00B40FD9 /* Scale.h */,
				29AD1C231B685B0A005DBD2F /* Scales.cpp */,
				29AD1C241B685B0A005DBD2F /* Scales.h */,
				29A0306B1B6DEACB00759329 /* TimeSignature.cpp */,
				29A0306C1B6DEACB00759329 /* TimeSignature.h */,
				293D9E451B745AED00E67B17 /* Clef.cpp */,
				293D9E461B745AED00E67B17 /* Clef.h */,
			);
			name = "Music Model";
			sourceTree = "<group>";
		};
		29A030671B6DE79700759329 /* General */ = {
			isa = PBXGroup;
			children = (
				295B13E51B6818FB00FD8B83 /* typedefs.h */,
				293D9E4B1B74650F00E67B17 /* ci_find_substr.h */,
			);
			name = General;
			sourceTree = "<group>";
		};
/* End PBXGroup section */

/* Begin PBXNativeTarget section */
		292B3AE61B67F04000E7277D /* Entropy */ = {
			isa = PBXNativeTarget;
			buildConfigurationList = 292B3AF01B67F04000E7277D /* Build configuration list for PBXNativeTarget "Entropy" */;
			buildPhases = (
				292B3AE51B67F04000E7277D /* CopyFiles */,
				292B3AE31B67F04000E7277D /* Sources */,
				292B3AE41B67F04000E7277D /* Frameworks */,
			);
			buildRules = (
			);
			dependencies = (
			);
			name = Entropy;
			productName = Entropy;
			productReference = 292B3AE71B67F04000E7277D /* Entropy */;
			productType = "com.apple.product-type.tool";
		};
/* End PBXNativeTarget section */

/* Begin PBXProject section */
		292B3ADF1B67F04000E7277D /* Project object */ = {
			isa = PBXProject;
			attributes = {
				LastUpgradeCheck = 0510;
				ORGANIZATIONNAME = "Matthew James Briggs";
			};
			buildConfigurationList = 292B3AE21B67F04000E7277D /* Build configuration list for PBXProject "Entropy" */;
			compatibilityVersion = "Xcode 3.2";
			developmentRegion = English;
			hasScannedForEncodings = 0;
			knownRegions = (
				en,
			);
			mainGroup = 292B3ADE1B67F04000E7277D;
			productRefGroup = 292B3AE81B67F04000E7277D /* Products */;
			projectDirPath = "";
			projectRoot = "";
			targets = (
				292B3AE61B67F04000E7277D /* Entropy */,
			);
		};
/* End PBXProject section */

/* Begin PBXSourcesBuildPhase section */
		292B3AE31B67F04000E7277D /* Sources */ = {
			isa = PBXSourcesBuildPhase;
			buildActionMask = 2147483647;
			files = (
				298AD7331B6C6EE200DC97B6 /* Duration.cpp in Sources */,
				29A03C0A1B72813800726CFE /* initializeOctave.cpp in Sources */,
				2900F5601B6A0D2A003E9A0A /* MxScorePart.cpp in Sources */,
				29A2BDC41B69A7D9007ED94E /* Instrument.cpp in Sources */,
				2959A5441B7205830078C65C /* isDurationOk.cpp in Sources */,
				290787151B68452400B40FD9 /* NoteName.cpp in Sources */,
				296BF4401B6F3627009C0E43 /* cpulTest.cpp in Sources */,
				29A03C041B727D8F00726CFE /* initializePitch.cpp in Sources */,
				2959A53E1B72016C0078C65C /* writeMxMeasures.cpp in Sources */,
				293D9E471B745AED00E67B17 /* Clef.cpp in Sources */,
				290A6BA11B6C8D5D00F2C4B0 /* MxNote.cpp in Sources */,
				29A03C0D1B72850E00726CFE /* setPitch.cpp in Sources */,
				293D9E4A1B74625B00E67B17 /* MxClef.cpp in Sources */,
				29A03C101B7295BD00726CFE /* rest.cpp in Sources */,
				29C35D631B6D21D200B5D300 /* MxMeasure.cpp in Sources */,
				29DD66D61B6AE0910016BA39 /* Range.cpp in Sources */,
				292B3AEB1B67F04000E7277D /* main.cpp in Sources */,
				295B13E01B6817AE00FD8B83 /* Config.cpp in Sources */,
				296BF4411B6F3627009C0E43 /* cpulTestRegistry.cpp in Sources */,
				29DD66DC1B6AEA330016BA39 /* InstrumentList.cpp in Sources */,
				29BB6ECE1B708676007F066A /* TestQuantizer.cpp in Sources */,
				2907870F1B6843DE00B40FD9 /* Scale.cpp in Sources */,
				296AB7341B6AC650008D4AAD /* MxScorePartParameters.cpp in Sources */,
				290A6BA41B6C8F0100F2C4B0 /* Note.cpp in Sources */,
				2959A5411B7202C00078C65C /* setTupletCountdown.cpp in Sources */,
				292FA5851B7183EC00B9E15B /* RhythmList.cpp in Sources */,
				29DD66D91B6AE73C0016BA39 /* InstrumentGroup.cpp in Sources */,
				296BF4421B6F3627009C0E43 /* cpulTestResult.cpp in Sources */,
				29433BEE1B6A07610000CDD7 /* MxPartGroup.cpp in Sources */,
				2959A5471B7209710078C65C /* setDuration.cpp in Sources */,
				29AD1C251B685B0A005DBD2F /* Scales.cpp in Sources */,
				293669A61B68A06B0031AEFF /* MxSetup.cpp in Sources */,
				296BF43E1B6F3627009C0E43 /* cpulFailure.cpp in Sources */,
				29A0306A1B6DE87800759329 /* Measure.cpp in Sources */,
				298AD7301B6C372000DC97B6 /* MxDivisions.cpp in Sources */,
				29A31D761B71DDFD00768C77 /* TestRange.cpp in Sources */,
				29FACA281B6FC40800387D1F /* mainSandbox.cpp in Sources */,
				29A03C071B72808500726CFE /* initializeNoteName.cpp in Sources */,
				29323FC81B6A8136007CE1AA /* Pitch.cpp in Sources */,
				296BF43F1B6F3627009C0E43 /* cpulRun.cpp in Sources */,
				296BF4431B6F3627009C0E43 /* TestMeasure.cpp in Sources */,
				299A82081B682603002BB604 /* Numbers.cpp in Sources */,
				29A31D791B71E0CB00768C77 /* TestPitch.cpp in Sources */,
				29A0306D1B6DEACB00759329 /* TimeSignature.cpp in Sources */,
				29C3872F1B7123A80024476F /* Rand.cpp in Sources */,
				29BB6ECB1B7083D2007F066A /* Quantizer.cpp in Sources */,
			);
			runOnlyForDeploymentPostprocessing = 0;
		};
/* End PBXSourcesBuildPhase section */

/* Begin XCBuildConfiguration section */
		292B3AEE1B67F04000E7277D /* Debug */ = {
			isa = XCBuildConfiguration;
			buildSettings = {
				ALWAYS_SEARCH_USER_PATHS = NO;
				CLANG_CXX_LANGUAGE_STANDARD = "gnu++0x";
				CLANG_CXX_LIBRARY = "libc++";
				CLANG_ENABLE_MODULES = YES;
				CLANG_ENABLE_OBJC_ARC = YES;
				CLANG_WARN_BOOL_CONVERSION = YES;
				CLANG_WARN_CONSTANT_CONVERSION = YES;
				CLANG_WARN_DIRECT_OBJC_ISA_USAGE = YES_ERROR;
				CLANG_WARN_EMPTY_BODY = YES;
				CLANG_WARN_ENUM_CONVERSION = YES;
				CLANG_WARN_INT_CONVERSION = YES;
				CLANG_WARN_OBJC_ROOT_CLASS = YES_ERROR;
				CLANG_WARN__DUPLICATE_METHOD_MATCH = YES;
				COPY_PHASE_STRIP = NO;
				GCC_C_LANGUAGE_STANDARD = gnu99;
				GCC_DYNAMIC_NO_PIC = NO;
				GCC_ENABLE_OBJC_EXCEPTIONS = YES;
				GCC_OPTIMIZATION_LEVEL = 0;
				GCC_PREPROCESSOR_DEFINITIONS = (
					"DEBUG=1",
					"$(inherited)",
				);
				GCC_SYMBOLS_PRIVATE_EXTERN = NO;
				GCC_WARN_64_TO_32_BIT_CONVERSION = YES;
				GCC_WARN_ABOUT_RETURN_TYPE = YES_ERROR;
				GCC_WARN_UNDECLARED_SELECTOR = YES;
				GCC_WARN_UNINITIALIZED_AUTOS = YES_AGGRESSIVE;
				GCC_WARN_UNUSED_FUNCTION = YES;
				GCC_WARN_UNUSED_VARIABLE = YES;
				MACOSX_DEPLOYMENT_TARGET = 10.9;
				ONLY_ACTIVE_ARCH = YES;
				SDKROOT = macosx;
			};
			name = Debug;
		};
		292B3AEF1B67F04000E7277D /* Release */ = {
			isa = XCBuildConfiguration;
			buildSettings = {
				ALWAYS_SEARCH_USER_PATHS = NO;
				CLANG_CXX_LANGUAGE_STANDARD = "gnu++0x";
				CLANG_CXX_LIBRARY = "libc++";
				CLANG_ENABLE_MODULES = YES;
				CLANG_ENABLE_OBJC_ARC = YES;
				CLANG_WARN_BOOL_CONVERSION = YES;
				CLANG_WARN_CONSTANT_CONVERSION = YES;
				CLANG_WARN_DIRECT_OBJC_ISA_USAGE = YES_ERROR;
				CLANG_WARN_EMPTY_BODY = YES;
				CLANG_WARN_ENUM_CONVERSION = YES;
				CLANG_WARN_INT_CONVERSION = YES;
				CLANG_WARN_OBJC_ROOT_CLASS = YES_ERROR;
				CLANG_WARN__DUPLICATE_METHOD_MATCH = YES;
				COPY_PHASE_STRIP = YES;
				DEBUG_INFORMATION_FORMAT = "dwarf-with-dsym";
				ENABLE_NS_ASSERTIONS = NO;
				GCC_C_LANGUAGE_STANDARD = gnu99;
				GCC_ENABLE_OBJC_EXCEPTIONS = YES;
				GCC_OPTIMIZATION_LEVEL = 0;
				GCC_WARN_64_TO_32_BIT_CONVERSION = YES;
				GCC_WARN_ABOUT_RETURN_TYPE = YES_ERROR;
				GCC_WARN_UNDECLARED_SELECTOR = YES;
				GCC_WARN_UNINITIALIZED_AUTOS = YES_AGGRESSIVE;
				GCC_WARN_UNUSED_FUNCTION = YES;
				GCC_WARN_UNUSED_VARIABLE = YES;
				MACOSX_DEPLOYMENT_TARGET = 10.9;
				SDKROOT = macosx;
			};
			name = Release;
		};
		292B3AF11B67F04000E7277D /* Debug */ = {
			isa = XCBuildConfiguration;
			buildSettings = {
				LIBRARY_SEARCH_PATHS = (
					"$(inherited)",
					"$(PROJECT_DIR)/Mx",
					"$(PROJECT_DIR)/Entropy/Mx",
				);
				PRODUCT_NAME = "$(TARGET_NAME)";
			};
			name = Debug;
		};
		292B3AF21B67F04000E7277D /* Release */ = {
			isa = XCBuildConfiguration;
			buildSettings = {
				LIBRARY_SEARCH_PATHS = (
					"$(inherited)",
					"$(PROJECT_DIR)/Mx",
					"$(PROJECT_DIR)/Entropy/Mx",
				);
				PRODUCT_NAME = "$(TARGET_NAME)";
			};
			name = Release;
		};
/* End XCBuildConfiguration section */

/* Begin XCConfigurationList section */
		292B3AE21B67F04000E7277D /* Build configuration list for PBXProject "Entropy" */ = {
			isa = XCConfigurationList;
			buildConfigurations = (
				292B3AEE1B67F04000E7277D /* Debug */,
				292B3AEF1B67F04000E7277D /* Release */,
			);
			defaultConfigurationIsVisible = 0;
			defaultConfigurationName = Release;
		};
		292B3AF01B67F04000E7277D /* Build configuration list for PBXNativeTarget "Entropy" */ = {
			isa = XCConfigurationList;
			buildConfigurations = (
				292B3AF11B67F04000E7277D /* Debug */,
				292B3AF21B67F04000E7277D /* Release */,
			);
			defaultConfigurationIsVisible = 0;
			defaultConfigurationName = Release;
		};
/* End XCConfigurationList section */
	};
	rootObject = 292B3ADF1B67F04000E7277D /* Project object */;
}
